
Microsoft Visual Studio Solution File, Format Version 12.00
# Visual Studio Version 16
VisualStudioVersion = 16.0.30413.136
MinimumVisualStudioVersion = 10.0.40219.1
Project("{FAE04EC0-301F-11D3-BF4B-00C04F79EFBC}") = "ConsoleApp4", "ConsoleApp4\ConsoleApp4.csproj", "{15D41F62-2E8F-4A1F-BDBC-CBE0A0B53E50}"
EndProject
Global
	GlobalSection(SolutionConfigurationPlatforms) = preSolution
		Debug|Any CPU = Debug|Any CPU
		Release|Any CPU = Release|Any CPU
	EndGlobalSection
	GlobalSection(ProjectConfigurationPlatforms) = postSolution
		{15D41F62-2E8F-4A1F-BDBC-CBE0A0B53E50}.Debug|Any CPU.ActiveCfg = Debug|Any CPU
		{15D41F62-2E8F-4A1F-BDBC-CBE0A0B53E50}.Debug|Any CPU.Build.0 = Debug|Any CPU
		{15D41F62-2E8F-4A1F-BDBC-CBE0A0B53E50}.Release|Any CPU.ActiveCfg = Release|Any CPU
		{15D41F62-2E8F-4A1F-BDBC-CBE0A0B53E50}.Release|Any CPU.Build.0 = Release|Any CPU
	EndGlobalSection
	GlobalSection(SolutionProperties) = preSolution
		HideSolutionNode = FALSE
	EndGlobalSection
	GlobalSection(ExtensibilityGlobals) = postSolution
		SolutionGuid = {63AFDBDF-7B7E-4303-B4B9-85C8F31FB826}
	EndGlobalSection
EndGlobal
